
Microsoft Visual Studio Solution File, Format Version 12.00
# Visual Studio Version 16
VisualStudioVersion = 16.0.29609.76
MinimumVisualStudioVersion = 10.0.40219.1
Project("{FAE04EC0-301F-11D3-BF4B-00C04F79EFBC}") = "离线视频重命名", "离线视频重命名\离线视频重命名.csproj", "{3C3F9866-6EAF-4910-A3DF-F74328541EAD}"
EndProject
Project("{9A19103F-16F7-4668-BE54-9A1E7A4F7556}") = "Srt", "Dogvane.Srt\Srt.csproj", "{6D334494-1B04-443D-84D5-951BC5FC1E84}"
EndProject
Project("{9A19103F-16F7-4668-BE54-9A1E7A4F7556}") = "B站发弹幕", "B站发弹幕\B站发弹幕.csproj", "{EA7ED7B9-16AB-45B3-9C49-EC9F6C7AE73E}"
EndProject
Project("{9A19103F-16F7-4668-BE54-9A1E7A4F7556}") = "弹幕合并", "弹幕合并\弹幕合并.csproj", "{B4A88768-2E56-4EEE-834E-378F435388BC}"
EndProject
Project("{2150E333-8FDC-42A3-9474-1A3956D46DE8}") = "ReadMe", "ReadMe", "{37332664-25A7-45B1-B2D6-B3FDCE4A746B}"
	ProjectSection(SolutionItems) = preProject
		README.md = README.md
	EndProjectSection
EndProject
Project("{FAE04EC0-301F-11D3-BF4B-00C04F79EFBC}") = "SrtToBcc", "SrtToBbc\SrtToBcc.csproj", "{D476118E-2F28-46C6-B6D3-803D0C2BD50F}"
EndProject
Project("{9A19103F-16F7-4668-BE54-9A1E7A4F7556}") = "VTT", "VTT\VTT.csproj", "{BEE7936D-9EAE-4DDB-999F-2BC8ABD585E6}"
EndProject
Project("{FAE04EC0-301F-11D3-BF4B-00C04F79EFBC}") = "VTTtoSrt", "VTTtoSrt\VTTtoSrt.csproj", "{B40E7F87-962B-4B1A-9120-DC8AEEC36E2A}"
EndProject
Project("{FAE04EC0-301F-11D3-BF4B-00C04F79EFBC}") = "VTTtoBcc", "VTTtoBcc\VTTtoBcc.csproj", "{22E03327-8CD1-4CE2-8F7B-F863C73CEABA}"
EndProject
Project("{FAE04EC0-301F-11D3-BF4B-00C04F79EFBC}") = "VVTRebuild", "VVTRebuild\VVTRebuild.csproj", "{67096B23-6487-431B-AC37-710C0FF6EDF6}"
EndProject
Global
	GlobalSection(SolutionConfigurationPlatforms) = preSolution
		Debug|Any CPU = Debug|Any CPU
		Release|Any CPU = Release|Any CPU
	EndGlobalSection
	GlobalSection(ProjectConfigurationPlatforms) = postSolution
		{3C3F9866-6EAF-4910-A3DF-F74328541EAD}.Debug|Any CPU.ActiveCfg = Debug|Any CPU
		{3C3F9866-6EAF-4910-A3DF-F74328541EAD}.Debug|Any CPU.Build.0 = Debug|Any CPU
		{3C3F9866-6EAF-4910-A3DF-F74328541EAD}.Release|Any CPU.ActiveCfg = Release|Any CPU
		{3C3F9866-6EAF-4910-A3DF-F74328541EAD}.Release|Any CPU.Build.0 = Release|Any CPU
		{6D334494-1B04-443D-84D5-951BC5FC1E84}.Debug|Any CPU.ActiveCfg = Debug|Any CPU
		{6D334494-1B04-443D-84D5-951BC5FC1E84}.Debug|Any CPU.Build.0 = Debug|Any CPU
		{6D334494-1B04-443D-84D5-951BC5FC1E84}.Release|Any CPU.ActiveCfg = Release|Any CPU
		{6D334494-1B04-443D-84D5-951BC5FC1E84}.Release|Any CPU.Build.0 = Release|Any CPU
		{EA7ED7B9-16AB-45B3-9C49-EC9F6C7AE73E}.Debug|Any CPU.ActiveCfg = Debug|Any CPU
		{EA7ED7B9-16AB-45B3-9C49-EC9F6C7AE73E}.Debug|Any CPU.Build.0 = Debug|Any CPU
		{EA7ED7B9-16AB-45B3-9C49-EC9F6C7AE73E}.Release|Any CPU.ActiveCfg = Release|Any CPU
		{EA7ED7B9-16AB-45B3-9C49-EC9F6C7AE73E}.Release|Any CPU.Build.0 = Release|Any CPU
		{B4A88768-2E56-4EEE-834E-378F435388BC}.Debug|Any CPU.ActiveCfg = Debug|Any CPU
		{B4A88768-2E56-4EEE-834E-378F435388BC}.Debug|Any CPU.Build.0 = Debug|Any CPU
		{B4A88768-2E56-4EEE-834E-378F435388BC}.Release|Any CPU.ActiveCfg = Release|Any CPU
		{B4A88768-2E56-4EEE-834E-378F435388BC}.Release|Any CPU.Build.0 = Release|Any CPU
		{D476118E-2F28-46C6-B6D3-803D0C2BD50F}.Debug|Any CPU.ActiveCfg = Debug|Any CPU
		{D476118E-2F28-46C6-B6D3-803D0C2BD50F}.Debug|Any CPU.Build.0 = Debug|Any CPU
		{D476118E-2F28-46C6-B6D3-803D0C2BD50F}.Release|Any CPU.ActiveCfg = Release|Any CPU
		{D476118E-2F28-46C6-B6D3-803D0C2BD50F}.Release|Any CPU.Build.0 = Release|Any CPU
		{BEE7936D-9EAE-4DDB-999F-2BC8ABD585E6}.Debug|Any CPU.ActiveCfg = Debug|Any CPU
		{BEE7936D-9EAE-4DDB-999F-2BC8ABD585E6}.Debug|Any CPU.Build.0 = Debug|Any CPU
		{BEE7936D-9EAE-4DDB-999F-2BC8ABD585E6}.Release|Any CPU.ActiveCfg = Release|Any CPU
		{BEE7936D-9EAE-4DDB-999F-2BC8ABD585E6}.Release|Any CPU.Build.0 = Release|Any CPU
		{B40E7F87-962B-4B1A-9120-DC8AEEC36E2A}.Debug|Any CPU.ActiveCfg = Debug|Any CPU
		{B40E7F87-962B-4B1A-9120-DC8AEEC36E2A}.Debug|Any CPU.Build.0 = Debug|Any CPU
		{B40E7F87-962B-4B1A-9120-DC8AEEC36E2A}.Release|Any CPU.ActiveCfg = Release|Any CPU
		{B40E7F87-962B-4B1A-9120-DC8AEEC36E2A}.Release|Any CPU.Build.0 = Release|Any CPU
		{22E03327-8CD1-4CE2-8F7B-F863C73CEABA}.Debug|Any CPU.ActiveCfg = Debug|Any CPU
		{22E03327-8CD1-4CE2-8F7B-F863C73CEABA}.Debug|Any CPU.Build.0 = Debug|Any CPU
		{22E03327-8CD1-4CE2-8F7B-F863C73CEABA}.Release|Any CPU.ActiveCfg = Release|Any CPU
		{22E03327-8CD1-4CE2-8F7B-F863C73CEABA}.Release|Any CPU.Build.0 = Release|Any CPU
		{67096B23-6487-431B-AC37-710C0FF6EDF6}.Debug|Any CPU.ActiveCfg = Debug|Any CPU
		{67096B23-6487-431B-AC37-710C0FF6EDF6}.Debug|Any CPU.Build.0 = Debug|Any CPU
		{67096B23-6487-431B-AC37-710C0FF6EDF6}.Release|Any CPU.ActiveCfg = Release|Any CPU
		{67096B23-6487-431B-AC37-710C0FF6EDF6}.Release|Any CPU.Build.0 = Release|Any CPU
	EndGlobalSection
	GlobalSection(SolutionProperties) = preSolution
		HideSolutionNode = FALSE
	EndGlobalSection
	GlobalSection(ExtensibilityGlobals) = postSolution
		SolutionGuid = {14C591BF-F19D-434B-A6E7-CC9E9A4979F7}
	EndGlobalSection
EndGlobal
